
Microsoft Visual Studio Solution File, Format Version 12.00
# Visual Studio Version 16
VisualStudioVersion = 16.0.31129.286
MinimumVisualStudioVersion = 10.0.40219.1
Project("{FAE04EC0-301F-11D3-BF4B-00C04F79EFBC}") = "RabbitMQConsoleApp", "RabbitMQConsoleApp\RabbitMQConsoleApp.csproj", "{58EB1428-4914-4137-9DC1-1029EE67971D}"
EndProject
Global
	GlobalSection(SolutionConfigurationPlatforms) = preSolution
		Debug|Any CPU = Debug|Any CPU
		Release|Any CPU = Release|Any CPU
	EndGlobalSection
	GlobalSection(ProjectConfigurationPlatforms) = postSolution
		{58EB1428-4914-4137-9DC1-1029EE67971D}.Debug|Any CPU.ActiveCfg = Debug|Any CPU
		{58EB1428-4914-4137-9DC1-1029EE67971D}.Debug|Any CPU.Build.0 = Debug|Any CPU
		{58EB1428-4914-4137-9DC1-1029EE67971D}.Release|Any CPU.ActiveCfg = Release|Any CPU
		{58EB1428-4914-4137-9DC1-1029EE67971D}.Release|Any CPU.Build.0 = Release|Any CPU
	EndGlobalSection
	GlobalSection(SolutionProperties) = preSolution
		HideSolutionNode = FALSE
	EndGlobalSection
	GlobalSection(ExtensibilityGlobals) = postSolution
		SolutionGuid = {DB42C00A-10A6-41C4-9BE9-50DB6C9752E2}
	EndGlobalSection
EndGlobal
